github.com/rodaine/modulemagic v1.0.1 h1:pB9NTKzd4glWpnsTdMiTKiK5eKiJkKGQooTIsSY8ZkY=
github.com/rodaine/modulemagic v1.0.1/go.mod h1:NfQsnN2nduhl5MI9o6JedpERrarmDeTGTlScZsyEu/k=
github.com/rodaine/modulemagic v1.1.0 h1:JA0GLU7Z4832qGEznwpv4L88t5aYcYcSrU7Vjhh8NyA=
github.com/rodaine/modulemagic v1.1.0/go.mod h1:NfQsnN2nduhl5MI9o6JedpERrarmDeTGTlScZsyEu/k=
